
Microsoft Visual Studio Solution File, Format Version 12.00
# Visual Studio Version 17
VisualStudioVersion = 17.9.34723.18
MinimumVisualStudioVersion = 10.0.40219.1
Project("{FAE04EC0-301F-11D3-BF4B-00C04F79EFBC}") = "RecipesApi", "RecipesApi\RecipesApi.csproj", "{DB23615A-5066-45FB-B109-0CAC1B7CD078}"
EndProject
Global
	GlobalSection(SolutionConfigurationPlatforms) = preSolution
		Debug|Any CPU = Debug|Any CPU
		Release|Any CPU = Release|Any CPU
	EndGlobalSection
	GlobalSection(ProjectConfigurationPlatforms) = postSolution
		{DB23615A-5066-45FB-B109-0CAC1B7CD078}.Debug|Any CPU.ActiveCfg = Debug|Any CPU
		{DB23615A-5066-45FB-B109-0CAC1B7CD078}.Debug|Any CPU.Build.0 = Debug|Any CPU
		{DB23615A-5066-45FB-B109-0CAC1B7CD078}.Release|Any CPU.ActiveCfg = Release|Any CPU
		{DB23615A-5066-45FB-B109-0CAC1B7CD078}.Release|Any CPU.Build.0 = Release|Any CPU
	EndGlobalSection
	GlobalSection(SolutionProperties) = preSolution
		HideSolutionNode = FALSE
	EndGlobalSection
	GlobalSection(ExtensibilityGlobals) = postSolution
		SolutionGuid = {5D56FBFE-0849-4225-97A4-989D3E8792DB}
	EndGlobalSection
EndGlobal
